
Microsoft Visual Studio Solution File, Format Version 12.00
# Visual Studio 15
VisualStudioVersion = 15.0.27130.2027
MinimumVisualStudioVersion = 10.0.40219.1
Project("{FAE04EC0-301F-11D3-BF4B-00C04F79EFBC}") = "laba5_1", "laba5_1\laba5_1.csproj", "{533D57FD-DA08-4ACE-AE93-95AAA5128C1F}"
EndProject
Project("{FAE04EC0-301F-11D3-BF4B-00C04F79EFBC}") = "laba5_1_2", "laba5_1_2\laba5_1_2.csproj", "{5D84FE54-782D-4648-BC04-ACFCAA9DE324}"
EndProject
Global
	GlobalSection(SolutionConfigurationPlatforms) = preSolution
		Debug|Any CPU = Debug|Any CPU
		Release|Any CPU = Release|Any CPU
	EndGlobalSection
	GlobalSection(ProjectConfigurationPlatforms) = postSolution
		{533D57FD-DA08-4ACE-AE93-95AAA5128C1F}.Debug|Any CPU.ActiveCfg = Debug|Any CPU
		{533D57FD-DA08-4ACE-AE93-95AAA5128C1F}.Debug|Any CPU.Build.0 = Debug|Any CPU
		{533D57FD-DA08-4ACE-AE93-95AAA5128C1F}.Release|Any CPU.ActiveCfg = Release|Any CPU
		{533D57FD-DA08-4ACE-AE93-95AAA5128C1F}.Release|Any CPU.Build.0 = Release|Any CPU
		{5D84FE54-782D-4648-BC04-ACFCAA9DE324}.Debug|Any CPU.ActiveCfg = Debug|Any CPU
		{5D84FE54-782D-4648-BC04-ACFCAA9DE324}.Debug|Any CPU.Build.0 = Debug|Any CPU
		{5D84FE54-782D-4648-BC04-ACFCAA9DE324}.Release|Any CPU.ActiveCfg = Release|Any CPU
		{5D84FE54-782D-4648-BC04-ACFCAA9DE324}.Release|Any CPU.Build.0 = Release|Any CPU
	EndGlobalSection
	GlobalSection(SolutionProperties) = preSolution
		HideSolutionNode = FALSE
	EndGlobalSection
	GlobalSection(ExtensibilityGlobals) = postSolution
		SolutionGuid = {92D191C4-1389-413F-98ED-B5A96D4667B5}
	EndGlobalSection
EndGlobal
