
Microsoft Visual Studio Solution File, Format Version 12.00
# Visual Studio Version 16
VisualStudioVersion = 16.0.30002.166
MinimumVisualStudioVersion = 10.0.40219.1
Project("{FAE04EC0-301F-11D3-BF4B-00C04F79EFBC}") = "kr_vp_1", "kr_vp_1\kr_vp_1.csproj", "{C788BFF5-81D1-4191-A2B4-B9480D175219}"
EndProject
Global
	GlobalSection(SolutionConfigurationPlatforms) = preSolution
		Debug|Any CPU = Debug|Any CPU
		Release|Any CPU = Release|Any CPU
	EndGlobalSection
	GlobalSection(ProjectConfigurationPlatforms) = postSolution
		{C788BFF5-81D1-4191-A2B4-B9480D175219}.Debug|Any CPU.ActiveCfg = Debug|Any CPU
		{C788BFF5-81D1-4191-A2B4-B9480D175219}.Debug|Any CPU.Build.0 = Debug|Any CPU
		{C788BFF5-81D1-4191-A2B4-B9480D175219}.Release|Any CPU.ActiveCfg = Release|Any CPU
		{C788BFF5-81D1-4191-A2B4-B9480D175219}.Release|Any CPU.Build.0 = Release|Any CPU
	EndGlobalSection
	GlobalSection(SolutionProperties) = preSolution
		HideSolutionNode = FALSE
	EndGlobalSection
	GlobalSection(ExtensibilityGlobals) = postSolution
		SolutionGuid = {D5A3B20C-A267-4543-911F-43F9E085D3E6}
	EndGlobalSection
EndGlobal
